# THIS IS AN AUTOGENERATED FILE. DO NOT EDIT THIS FILE DIRECTLY.
# yarn lockfile v1


"@handsontable/formulajs@^2.0.2":
  version "2.0.2"
  resolved "https://registry.yarnpkg.com/@handsontable/formulajs/-/formulajs-2.0.2.tgz#5be4b9226cc47811f646ae46b1b985230cd82995"
  integrity sha512-maIyMJtYjA5e/R9nyA22Qd7Yw73MBSxClJvle0a8XWAS/5l6shc/OFpQqrmwMy4IXUCmywJ9ER0gOGz/YA720w==
  dependencies:
    bessel "^1.0.2"
    jstat "^1.9.2"

bessel@^1.0.2:
  version "1.0.2"
  resolved "https://registry.yarnpkg.com/bessel/-/bessel-1.0.2.tgz#828812291e0b62e94959cdea43fac186e8a7202d"
  integrity sha512-Al3nHGQGqDYqqinXhQzmwmcRToe/3WyBv4N8aZc5Pef8xw2neZlR9VPi84Sa23JtgWcucu18HxVZrnI0fn2etw==

hot-formula-parser@^3.0.0:
  version "3.0.2"
  resolved "https://registry.yarnpkg.com/hot-formula-parser/-/hot-formula-parser-3.0.2.tgz#d71f03a4ef43ba3074bde383a0e36202b5b64116"
  integrity sha512-W/Dj/UbIyuViMIQOQD6tUEVySl7jd6ei+gfWslTiRqa4yRhkyHnIz8N4oLnqgDRhhVAQIcFF5NfNz49k4X8IxQ==
  dependencies:
    "@handsontable/formulajs" "^2.0.2"
    tiny-emitter "^2.1.0"

jstat@^1.9.2:
  version "1.9.3"
  resolved "https://registry.yarnpkg.com/jstat/-/jstat-1.9.3.tgz#6a0e60c3b87fd714b61e765b77fc6b035437ee34"
  integrity sha512-/2JL4Xv6xfhN2+AEKQGTYr1LZTmBCR/5fHxJVvb9zWNsmKZfKrl3wYYK8SD/Z8kXkf+ZSusfumLZ4wDTHrWujA==

lodash@^4.17.23:
  version "4.17.23"
  resolved "https://registry.yarnpkg.com/lodash/-/lodash-4.17.23.tgz#f113b0378386103be4f6893388c73d0bde7f2c5a"
  integrity sha512-LgVTMpQtIopCi79SJeDiP0TfWi5CNEc/L/aRdTh3yIvmZXTnheWpKjSZhnvMl8iXbC1tFg9gdHHDMLoV7CnG+w==

tiny-emitter@^2.1.0:
  version "2.1.0"
  resolved "https://registry.yarnpkg.com/tiny-emitter/-/tiny-emitter-2.1.0.tgz#1d1a56edfc51c43e863cbb5382a72330e3555423"
  integrity sha512-NB6Dk1A9xgQPMoGqC5CVXn123gWyte215ONT5Pp5a0yt4nlEoO1ZWeCwpncaekPHXO60i47ihFnZPiRPjRMq4Q==
